
Microsoft Visual Studio Solution File, Format Version 12.00
# Visual Studio 2013
VisualStudioVersion = 12.0.40629.0
MinimumVisualStudioVersion = 10.0.40219.1
Project("{FAE04EC0-301F-11D3-BF4B-00C04F79EFBC}") = "FontAwesomeIcons", "FontAwesomeIcons\FontAwesomeIcons.csproj", "{56F662A1-D1E3-453F-BF74-9D8D03B6AFFC}"
EndProject
Project("{FAE04EC0-301F-11D3-BF4B-00C04F79EFBC}") = "WinFormsTest", "WinFormsTest\WinFormsTest.csproj", "{E269B6C7-178B-45F6-8E7B-D88C4D0EB130}"
EndProject
Project("{FAE04EC0-301F-11D3-BF4B-00C04F79EFBC}") = "IconTypeGenerator", "IconTypeGenerator\IconTypeGenerator.csproj", "{355258F8-BC79-4DEA-A389-EAAB03520E78}"
EndProject
Global
	GlobalSection(SolutionConfigurationPlatforms) = preSolution
		Debug|Any CPU = Debug|Any CPU
		Release|Any CPU = Release|Any CPU
	EndGlobalSection
	GlobalSection(ProjectConfigurationPlatforms) = postSolution
		{56F662A1-D1E3-453F-BF74-9D8D03B6AFFC}.Debug|Any CPU.ActiveCfg = Debug|Any CPU
		{56F662A1-D1E3-453F-BF74-9D8D03B6AFFC}.Debug|Any CPU.Build.0 = Debug|Any CPU
		{56F662A1-D1E3-453F-BF74-9D8D03B6AFFC}.Release|Any CPU.ActiveCfg = Release|Any CPU
		{56F662A1-D1E3-453F-BF74-9D8D03B6AFFC}.Release|Any CPU.Build.0 = Release|Any CPU
		{E269B6C7-178B-45F6-8E7B-D88C4D0EB130}.Debug|Any CPU.ActiveCfg = Debug|Any CPU
		{E269B6C7-178B-45F6-8E7B-D88C4D0EB130}.Debug|Any CPU.Build.0 = Debug|Any CPU
		{E269B6C7-178B-45F6-8E7B-D88C4D0EB130}.Release|Any CPU.ActiveCfg = Release|Any CPU
		{E269B6C7-178B-45F6-8E7B-D88C4D0EB130}.Release|Any CPU.Build.0 = Release|Any CPU
		{355258F8-BC79-4DEA-A389-EAAB03520E78}.Debug|Any CPU.ActiveCfg = Debug|Any CPU
		{355258F8-BC79-4DEA-A389-EAAB03520E78}.Debug|Any CPU.Build.0 = Debug|Any CPU
		{355258F8-BC79-4DEA-A389-EAAB03520E78}.Release|Any CPU.ActiveCfg = Release|Any CPU
		{355258F8-BC79-4DEA-A389-EAAB03520E78}.Release|Any CPU.Build.0 = Release|Any CPU
	EndGlobalSection
	GlobalSection(SolutionProperties) = preSolution
		HideSolutionNode = FALSE
	EndGlobalSection
EndGlobal
